
Microsoft Visual Studio Solution File, Format Version 12.00
# Visual Studio Version 17
VisualStudioVersion = 17.11.35327.3
MinimumVisualStudioVersion = 10.0.40219.1
Project("{FAE04EC0-301F-11D3-BF4B-00C04F79EFBC}") = "EmployeeMVC", "EmployeeMVC.csproj", "{54C40519-77D5-428C-87E7-70F98DD6E07F}"
EndProject
Global
	GlobalSection(SolutionConfigurationPlatforms) = preSolution
		Debug|Any CPU = Debug|Any CPU
		Release|Any CPU = Release|Any CPU
	EndGlobalSection
	GlobalSection(ProjectConfigurationPlatforms) = postSolution
		{54C40519-77D5-428C-87E7-70F98DD6E07F}.Debug|Any CPU.ActiveCfg = Debug|Any CPU
		{54C40519-77D5-428C-87E7-70F98DD6E07F}.Debug|Any CPU.Build.0 = Debug|Any CPU
		{54C40519-77D5-428C-87E7-70F98DD6E07F}.Release|Any CPU.ActiveCfg = Release|Any CPU
		{54C40519-77D5-428C-87E7-70F98DD6E07F}.Release|Any CPU.Build.0 = Release|Any CPU
	EndGlobalSection
	GlobalSection(SolutionProperties) = preSolution
		HideSolutionNode = FALSE
	EndGlobalSection
	GlobalSection(ExtensibilityGlobals) = postSolution
		SolutionGuid = {A83103DC-6D49-4E1E-865D-7229C0FA359C}
	EndGlobalSection
EndGlobal
